// !$*UTF8*$!
{
	archiveVersion = 1;
	classes = {
	};
	objectVersion = 50;
	objects = {

/* Begin PBXBuildFile section */
		34DE56C5243C67C40045932B /* AppDelegate.swift in Sources */ = {isa = PBXBuildFile; fileRef = 34DE56C4243C67C40045932B /* AppDelegate.swift */; };
		34DE56C7243C67C40045932B /* SceneDelegate.swift in Sources */ = {isa = PBXBuildFile; fileRef = 34DE56C6243C67C40045932B /* SceneDelegate.swift */; };
		34DE56C9243C67C40045932B /* ViewController.swift in Sources */ = {isa = PBXBuildFile; fileRef = 34DE56C8243C67C40045932B /* ViewController.swift */; };
		34DE56CC243C67C40045932B /* Main.storyboard in Resources */ = {isa = PBXBuildFile; fileRef = 34DE56CA243C67C40045932B /* Main.storyboard */; };
		34DE56CE243C67C80045932B /* Assets.xcassets in Resources */ = {isa = PBXBuildFile; fileRef = 34DE56CD243C67C80045932B /* Assets.xcassets */; };
		34DE56D1243C67C80045932B /* LaunchScreen.storyboard in Resources */ = {isa = PBXBuildFile; fileRef = 34DE56CF243C67C80045932B /* LaunchScreen.storyboard */; };
		34DE56DC243C67C80045932B /* iHealthNoteTests.swift in Sources */ = {isa = PBXBuildFile; fileRef = 34DE56DB243C67C80045932B /* iHealthNoteTests.swift */; };
		34DE56E7243C67C90045932B /* iHealthNoteUITests.swift in Sources */ = {isa = PBXBuildFile; fileRef = 34DE56E6243C67C90045932B /* iHealthNoteUITests.swift */; };
		CE5920EF244EDF03000EDAA2 /* MainViewController.swift in Sources */ = {isa = PBXBuildFile; fileRef = CE5920EE244EDF03000EDAA2 /* MainViewController.swift */; };
/* End PBXBuildFile section */

/* Begin PBXContainerItemProxy section */
		34DE56D8243C67C80045932B /* PBXContainerItemProxy */ = {
			isa = PBXContainerItemProxy;
			containerPortal = 34DE56B9243C67C40045932B /* Project object */;
			proxyType = 1;
			remoteGlobalIDString = 34DE56C0243C67C40045932B;
			remoteInfo = iHealthNote;
		};
		34DE56E3243C67C80045932B /* PBXContainerItemProxy */ = {
			isa = PBXContainerItemProxy;
			containerPortal = 34DE56B9243C67C40045932B /* Project object */;
			proxyType = 1;
			remoteGlobalIDString = 34DE56C0243C67C40045932B;
			remoteInfo = iHealthNote;
		};
/* End PBXContainerItemProxy section */

/* Begin PBXFileReference section */
		34DE56C1243C67C40045932B /* iHealthNote.app */ = {isa = PBXFileReference; explicitFileType = wrapper.application; includeInIndex = 0; path = iHealthNote.app; sourceTree = BUILT_PRODUCTS_DIR; };
		34DE56C4243C67C40045932B /* AppDelegate.swift */ = {isa = PBXFileReference; lastKnownFileType = sourcecode.swift; path = AppDelegate.swift; sourceTree = "<group>"; };
		34DE56C6243C67C40045932B /* SceneDelegate.swift */ = {isa = PBXFileReference; lastKnownFileType = sourcecode.swift; path = SceneDelegate.swift; sourceTree = "<group>"; };
		34DE56C8243C67C40045932B /* ViewController.swift */ = {isa = PBXFileReference; lastKnownFileType = sourcecode.swift; path = ViewController.swift; sourceTree = "<group>"; };
		34DE56CB243C67C40045932B /* Base */ = {isa = PBXFileReference; lastKnownFileType = file.storyboard; name = Base; path = Base.lproj/Main.storyboard; sourceTree = "<group>"; };
		34DE56CD243C67C80045932B /* Assets.xcassets */ = {isa = PBXFileReference; lastKnownFileType = folder.assetcatalog; path = Assets.xcassets; sourceTree = "<group>"; };
		34DE56D0243C67C80045932B /* Base */ = {isa = PBXFileReference; lastKnownFileType = file.storyboard; name = Base; path = Base.lproj/LaunchScreen.storyboard; sourceTree = "<group>"; };
		34DE56D2243C67C80045932B /* Info.plist */ = {isa = PBXFileReference; lastKnownFileType = text.plist.xml; path = Info.plist; sourceTree = "<group>"; };
		34DE56D7243C67C80045932B /* iHealthNoteTests.xctest */ = {isa = PBXFileReference; explicitFileType = wrapper.cfbundle; includeInIndex = 0; path = iHealthNoteTests.xctest; sourceTree = BUILT_PRODUCTS_DIR; };
		34DE56DB243C67C80045932B /* iHealthNoteTests.swift */ = {isa = PBXFileReference; lastKnownFileType = sourcecode.swift; path = iHealthNoteTests.swift; sourceTree = "<group>"; };
		34DE56DD243C67C80045932B /* Info.plist */ = {isa = PBXFileReference; lastKnownFileType = text.plist.xml; path = Info.plist; sourceTree = "<group>"; };
		34DE56E2243C67C80045932B /* iHealthNoteUITests.xctest */ = {isa = PBXFileReference; explicitFileType = wrapper.cfbundle; includeInIndex = 0; path = iHealthNoteUITests.xctest; sourceTree = BUILT_PRODUCTS_DIR; };
		34DE56E6243C67C90045932B /* iHealthNoteUITests.swift */ = {isa = PBXFileReference; lastKnownFileType = sourcecode.swift; path = iHealthNoteUITests.swift; sourceTree = "<group>"; };
		34DE56E8243C67C90045932B /* Info.plist */ = {isa = PBXFileReference; lastKnownFileType = text.plist.xml; path = Info.plist; sourceTree = "<group>"; };
		CE5920EE244EDF03000EDAA2 /* MainViewController.swift */ = {isa = PBXFileReference; lastKnownFileType = sourcecode.swift; path = MainViewController.swift; sourceTree = "<group>"; };
/* End PBXFileReference section */

/* Begin PBXFrameworksBuildPhase section */
		34DE56BE243C67C40045932B /* Frameworks */ = {
			isa = PBXFrameworksBuildPhase;
			buildActionMask = 2147483647;
			files = (
			);
			runOnlyForDeploymentPostprocessing = 0;
		};
		34DE56D4243C67C80045932B /* Frameworks */ = {
			isa = PBXFrameworksBuildPhase;
			buildActionMask = 2147483647;
			files = (
			);
			runOnlyForDeploymentPostprocessing = 0;
		};
		34DE56DF243C67C80045932B /* Frameworks */ = {
			isa = PBXFrameworksBuildPhase;
			buildActionMask = 2147483647;
			files = (
			);
			runOnlyForDeploymentPostprocessing = 0;
		};
/* End PBXFrameworksBuildPhase section */

/* Begin PBXGroup section */
		34DE56B8243C67C40045932B = {
			isa = PBXGroup;
			children = (
				34DE56C3243C67C40045932B /* iHealthNote */,
				34DE56DA243C67C80045932B /* iHealthNoteTests */,
				34DE56E5243C67C80045932B /* iHealthNoteUITests */,
				34DE56C2243C67C40045932B /* Products */,
			);
			sourceTree = "<group>";
		};
		34DE56C2243C67C40045932B /* Products */ = {
			isa = PBXGroup;
			children = (
				34DE56C1243C67C40045932B /* iHealthNote.app */,
				34DE56D7243C67C80045932B /* iHealthNoteTests.xctest */,
				34DE56E2243C67C80045932B /* iHealthNoteUITests.xctest */,
			);
			name = Products;
			sourceTree = "<group>";
		};
		34DE56C3243C67C40045932B /* iHealthNote */ = {
			isa = PBXGroup;
			children = (
				34DE56C4243C67C40045932B /* AppDelegate.swift */,
				34DE56C6243C67C40045932B /* SceneDelegate.swift */,
				34DE56C8243C67C40045932B /* ViewController.swift */,
				34DE56CA243C67C40045932B /* Main.storyboard */,
				34DE56CD243C67C80045932B /* Assets.xcassets */,
				34DE56CF243C67C80045932B /* LaunchScreen.storyboard */,
				34DE56D2243C67C80045932B /* Info.plist */,
				CE5920EE244EDF03000EDAA2 /* MainViewController.swift */,
			);
			path = iHealthNote;
			sourceTree = "<group>";
		};
		34DE56DA243C67C80045932B /* iHealthNoteTests */ = {
			isa = PBXGroup;
			children = (
				34DE56DB243C67C80045932B /* iHealthNoteTests.swift */,
				34DE56DD243C67C80045932B /* Info.plist */,
			);
			path = iHealthNoteTests;
			sourceTree = "<group>";
		};
		34DE56E5243C67C80045932B /* iHealthNoteUITests */ = {
			isa = PBXGroup;
			children = (
				34DE56E6243C67C90045932B /* iHealthNoteUITests.swift */,
				34DE56E8243C67C90045932B /* Info.plist */,
			);
			path = iHealthNoteUITests;
			sourceTree = "<group>";
		};
/* End PBXGroup section */

/* Begin PBXNativeTarget section */
		34DE56C0243C67C40045932B /* iHealthNote */ = {
			isa = PBXNativeTarget;
			buildConfigurationList = 34DE56EB243C67C90045932B /* Build configuration list for PBXNativeTarget "iHealthNote" */;
			buildPhases = (
				34DE56BD243C67C40045932B /* Sources */,
				34DE56BE243C67C40045932B /* Frameworks */,
				34DE56BF243C67C40045932B /* Resources */,
			);
			buildRules = (
			);
			dependencies = (
			);
			name = iHealthNote;
			productName = iHealthNote;
			productReference = 34DE56C1243C67C40045932B /* iHealthNote.app */;
			productType = "com.apple.product-type.application";
		};
		34DE56D6243C67C80045932B /* iHealthNoteTests */ = {
			isa = PBXNativeTarget;
			buildConfigurationList = 34DE56EE243C67C90045932B /* Build configuration list for PBXNativeTarget "iHealthNoteTests" */;
			buildPhases = (
				34DE56D3243C67C80045932B /* Sources */,
				34DE56D4243C67C80045932B /* Frameworks */,
				34DE56D5243C67C80045932B /* Resources */,
			);
			buildRules = (
			);
			dependencies = (
				34DE56D9243C67C80045932B /* PBXTargetDependency */,
			);
			name = iHealthNoteTests;
			productName = iHealthNoteTests;
			productReference = 34DE56D7243C67C80045932B /* iHealthNoteTests.xctest */;
			productType = "com.apple.product-type.bundle.unit-test";
		};
		34DE56E1243C67C80045932B /* iHealthNoteUITests */ = {
			isa = PBXNativeTarget;
			buildConfigurationList = 34DE56F1243C67C90045932B /* Build configuration list for PBXNativeTarget "iHealthNoteUITests" */;
			buildPhases = (
				34DE56DE243C67C80045932B /* Sources */,
				34DE56DF243C67C80045932B /* Frameworks */,
				34DE56E0243C67C80045932B /* Resources */,
			);
			buildRules = (
			);
			dependencies = (
				34DE56E4243C67C80045932B /* PBXTargetDependency */,
			);
			name = iHealthNoteUITests;
			productName = iHealthNoteUITests;
			productReference = 34DE56E2243C67C80045932B /* iHealthNoteUITests.xctest */;
			productType = "com.apple.product-type.bundle.ui-testing";
		};
/* End PBXNativeTarget section */

/* Begin PBXProject section */
		34DE56B9243C67C40045932B /* Project object */ = {
			isa = PBXProject;
			attributes = {
				LastSwiftUpdateCheck = 1130;
				LastUpgradeCheck = 1130;
				ORGANIZATIONNAME = "朱詩婷";
				TargetAttributes = {
					34DE56C0243C67C40045932B = {
						CreatedOnToolsVersion = 11.3.1;
					};
					34DE56D6243C67C80045932B = {
						CreatedOnToolsVersion = 11.3.1;
						TestTargetID = 34DE56C0243C67C40045932B;
					};
					34DE56E1243C67C80045932B = {
						CreatedOnToolsVersion = 11.3.1;
						TestTargetID = 34DE56C0243C67C40045932B;
					};
				};
			};
			buildConfigurationList = 34DE56BC243C67C40045932B /* Build configuration list for PBXProject "iHealthNote" */;
			compatibilityVersion = "Xcode 9.3";
			developmentRegion = en;
			hasScannedForEncodings = 0;
			knownRegions = (
				en,
				Base,
			);
			mainGroup = 34DE56B8243C67C40045932B;
			productRefGroup = 34DE56C2243C67C40045932B /* Products */;
			projectDirPath = "";
			projectRoot = "";
			targets = (
				34DE56C0243C67C40045932B /* iHealthNote */,
				34DE56D6243C67C80045932B /* iHealthNoteTests */,
				34DE56E1243C67C80045932B /* iHealthNoteUITests */,
			);
		};
/* End PBXProject section */

/* Begin PBXResourcesBuildPhase section */
		34DE56BF243C67C40045932B /* Resources */ = {
			isa = PBXResourcesBuildPhase;
			buildActionMask = 2147483647;
			files = (
				34DE56D1243C67C80045932B /* LaunchScreen.storyboard in Resources */,
				34DE56CE243C67C80045932B /* Assets.xcassets in Resources */,
				34DE56CC243C67C40045932B /* Main.storyboard in Resources */,
			);
			runOnlyForDeploymentPostprocessing = 0;
		};
		34DE56D5243C67C80045932B /* Resources */ = {
			isa = PBXResourcesBuildPhase;
			buildActionMask = 2147483647;
			files = (
			);
			runOnlyForDeploymentPostprocessing = 0;
		};
		34DE56E0243C67C80045932B /* Resources */ = {
			isa = PBXResourcesBuildPhase;
			buildActionMask = 2147483647;
			files = (
			);
			runOnlyForDeploymentPostprocessing = 0;
		};
/* End PBXResourcesBuildPhase section */

/* Begin PBXSourcesBuildPhase section */
		34DE56BD243C67C40045932B /* Sources */ = {
			isa = PBXSourcesBuildPhase;
			buildActionMask = 2147483647;
			files = (
				34DE56C9243C67C40045932B /* ViewController.swift in Sources */,
				34DE56C5243C67C40045932B /* AppDelegate.swift in Sources */,
				34DE56C7243C67C40045932B /* SceneDelegate.swift in Sources */,
				CE5920EF244EDF03000EDAA2 /* MainViewController.swift in Sources */,
			);
			runOnlyForDeploymentPostprocessing = 0;
		};
		34DE56D3243C67C80045932B /* Sources */ = {
			isa = PBXSourcesBuildPhase;
			buildActionMask = 2147483647;
			files = (
				34DE56DC243C67C80045932B /* iHealthNoteTests.swift in Sources */,
			);
			runOnlyForDeploymentPostprocessing = 0;
		};
		34DE56DE243C67C80045932B /* Sources */ = {
			isa = PBXSourcesBuildPhase;
			buildActionMask = 2147483647;
			files = (
				34DE56E7243C67C90045932B /* iHealthNoteUITests.swift in Sources */,
			);
			runOnlyForDeploymentPostprocessing = 0;
		};
/* End PBXSourcesBuildPhase section */

/* Begin PBXTargetDependency section */
		34DE56D9243C67C80045932B /* PBXTargetDependency */ = {
			isa = PBXTargetDependency;
			target = 34DE56C0243C67C40045932B /* iHealthNote */;
			targetProxy = 34DE56D8243C67C80045932B /* PBXContainerItemProxy */;
		};
		34DE56E4243C67C80045932B /* PBXTargetDependency */ = {
			isa = PBXTargetDependency;
			target = 34DE56C0243C67C40045932B /* iHealthNote */;
			targetProxy = 34DE56E3243C67C80045932B /* PBXContainerItemProxy */;
		};
/* End PBXTargetDependency section */

/* Begin PBXVariantGroup section */
		34DE56CA243C67C40045932B /* Main.storyboard */ = {
			isa = PBXVariantGroup;
			children = (
				34DE56CB243C67C40045932B /* Base */,
			);
			name = Main.storyboard;
			sourceTree = "<group>";
		};
		34DE56CF243C67C80045932B /* LaunchScreen.storyboard */ = {
			isa = PBXVariantGroup;
			children = (
				34DE56D0243C67C80045932B /* Base */,
			);
			name = LaunchScreen.storyboard;
			sourceTree = "<group>";
		};
/* End PBXVariantGroup section */

/* Begin XCBuildConfiguration section */
		34DE56E9243C67C90045932B /* Debug */ = {
			isa = XCBuildConfiguration;
			buildSettings = {
				ALWAYS_SEARCH_USER_PATHS = NO;
				CLANG_ANALYZER_NONNULL = YES;
				CLANG_ANALYZER_NUMBER_OBJECT_CONVERSION = YES_AGGRESSIVE;
				CLANG_CXX_LANGUAGE_STANDARD = "gnu++14";
				CLANG_CXX_LIBRARY = "libc++";
				CLANG_ENABLE_MODULES = YES;
				CLANG_ENABLE_OBJC_ARC = YES;
				CLANG_ENABLE_OBJC_WEAK = YES;
				CLANG_WARN_BLOCK_CAPTURE_AUTORELEASING = YES;
				CLANG_WARN_BOOL_CONVERSION = YES;
				CLANG_WARN_COMMA = YES;
				CLANG_WARN_CONSTANT_CONVERSION = YES;
				CLANG_WARN_DEPRECATED_OBJC_IMPLEMENTATIONS = YES;
				CLANG_WARN_DIRECT_OBJC_ISA_USAGE = YES_ERROR;
				CLANG_WARN_DOCUMENTATION_COMMENTS = YES;
				CLANG_WARN_EMPTY_BODY = YES;
				CLANG_WARN_ENUM_CONVERSION = YES;
				CLANG_WARN_INFINITE_RECURSION = YES;
				CLANG_WARN_INT_CONVERSION = YES;
				CLANG_WARN_NON_LITERAL_NULL_CONVERSION = YES;
				CLANG_WARN_OBJC_IMPLICIT_RETAIN_SELF = YES;
				CLANG_WARN_OBJC_LITERAL_CONVERSION = YES;
				CLANG_WARN_OBJC_ROOT_CLASS = YES_ERROR;
				CLANG_WARN_RANGE_LOOP_ANALYSIS = YES;
				CLANG_WARN_STRICT_PROTOTYPES = YES;
				CLANG_WARN_SUSPICIOUS_MOVE = YES;
				CLANG_WARN_UNGUARDED_AVAILABILITY = YES_AGGRESSIVE;
				CLANG_WARN_UNREACHABLE_CODE = YES;
				CLANG_WARN__DUPLICATE_METHOD_MATCH = YES;
				COPY_PHASE_STRIP = NO;
				DEBUG_INFORMATION_FORMAT = dwarf;
				ENABLE_STRICT_OBJC_MSGSEND = YES;
				ENABLE_TESTABILITY = YES;
				GCC_C_LANGUAGE_STANDARD = gnu11;
				GCC_DYNAMIC_NO_PIC = NO;
				GCC_NO_COMMON_BLOCKS = YES;
				GCC_OPTIMIZATION_LEVEL = 0;
				GCC_PREPROCESSOR_DEFINITIONS = (
					"DEBUG=1",
					"$(inherited)",
				);
				GCC_WARN_64_TO_32_BIT_CONVERSION = YES;
				GCC_WARN_ABOUT_RETURN_TYPE = YES_ERROR;
				GCC_WARN_UNDECLARED_SELECTOR = YES;
				GCC_WARN_UNINITIALIZED_AUTOS = YES_AGGRESSIVE;
				GCC_WARN_UNUSED_FUNCTION = YES;
				GCC_WARN_UNUSED_VARIABLE = YES;
				IPHONEOS_DEPLOYMENT_TARGET = 13.2;
				MTL_ENABLE_DEBUG_INFO = INCLUDE_SOURCE;
				MTL_FAST_MATH = YES;
				ONLY_ACTIVE_ARCH = YES;
				SDKROOT = iphoneos;
				SWIFT_ACTIVE_COMPILATION_CONDITIONS = DEBUG;
				SWIFT_OPTIMIZATION_LEVEL = "-Onone";
			};
			name = Debug;
		};
		34DE56EA243C67C90045932B /* Release */ = {
			isa = XCBuildConfiguration;
			buildSettings = {
				ALWAYS_SEARCH_USER_PATHS = NO;
				CLANG_ANALYZER_NONNULL = YES;
				CLANG_ANALYZER_NUMBER_OBJECT_CONVERSION = YES_AGGRESSIVE;
				CLANG_CXX_LANGUAGE_STANDARD = "gnu++14";
				CLANG_CXX_LIBRARY = "libc++";
				CLANG_ENABLE_MODULES = YES;
				CLANG_ENABLE_OBJC_ARC = YES;
				CLANG_ENABLE_OBJC_WEAK = YES;
				CLANG_WARN_BLOCK_CAPTURE_AUTORELEASING = YES;
				CLANG_WARN_BOOL_CONVERSION = YES;
				CLANG_WARN_COMMA = YES;
				CLANG_WARN_CONSTANT_CONVERSION = YES;
				CLANG_WARN_DEPRECATED_OBJC_IMPLEMENTATIONS = YES;
				CLANG_WARN_DIRECT_OBJC_ISA_USAGE = YES_ERROR;
				CLANG_WARN_DOCUMENTATION_COMMENTS = YES;
				CLANG_WARN_EMPTY_BODY = YES;
				CLANG_WARN_ENUM_CONVERSION = YES;
				CLANG_WARN_INFINITE_RECURSION = YES;
				CLANG_WARN_INT_CONVERSION = YES;
				CLANG_WARN_NON_LITERAL_NULL_CONVERSION = YES;
				CLANG_WARN_OBJC_IMPLICIT_RETAIN_SELF = YES;
				CLANG_WARN_OBJC_LITERAL_CONVERSION = YES;
				CLANG_WARN_OBJC_ROOT_CLASS = YES_ERROR;
				CLANG_WARN_RANGE_LOOP_ANALYSIS = YES;
				CLANG_WARN_STRICT_PROTOTYPES = YES;
				CLANG_WARN_SUSPICIOUS_MOVE = YES;
				CLANG_WARN_UNGUARDED_AVAILABILITY = YES_AGGRESSIVE;
				CLANG_WARN_UNREACHABLE_CODE = YES;
				CLANG_WARN__DUPLICATE_METHOD_MATCH = YES;
				COPY_PHASE_STRIP = NO;
				DEBUG_INFORMATION_FORMAT = "dwarf-with-dsym";
				ENABLE_NS_ASSERTIONS = NO;
				ENABLE_STRICT_OBJC_MSGSEND = YES;
				GCC_C_LANGUAGE_STANDARD = gnu11;
				GCC_NO_COMMON_BLOCKS = YES;
				GCC_WARN_64_TO_32_BIT_CONVERSION = YES;
				GCC_WARN_ABOUT_RETURN_TYPE = YES_ERROR;
				GCC_WARN_UNDECLARED_SELECTOR = YES;
				GCC_WARN_UNINITIALIZED_AUTOS = YES_AGGRESSIVE;
				GCC_WARN_UNUSED_FUNCTION = YES;
				GCC_WARN_UNUSED_VARIABLE = YES;
				IPHONEOS_DEPLOYMENT_TARGET = 13.2;
				MTL_ENABLE_DEBUG_INFO = NO;
				MTL_FAST_MATH = YES;
				SDKROOT = iphoneos;
				SWIFT_COMPILATION_MODE = wholemodule;
				SWIFT_OPTIMIZATION_LEVEL = "-O";
				VALIDATE_PRODUCT = YES;
			};
			name = Release;
		};
		34DE56EC243C67C90045932B /* Debug */ = {
			isa = XCBuildConfiguration;
			buildSettings = {
				ASSETCATALOG_COMPILER_APPICON_NAME = AppIcon;
				CODE_SIGN_STYLE = Automatic;
				INFOPLIST_FILE = iHealthNote/Info.plist;
				LD_RUNPATH_SEARCH_PATHS = (
					"$(inherited)",
					"@executable_path/Frameworks",
				);
				PRODUCT_BUNDLE_IDENTIFIER = idv.clalire.iHealthNote;
				PRODUCT_NAME = "$(TARGET_NAME)";
				SWIFT_VERSION = 5.0;
				TARGETED_DEVICE_FAMILY = "1,2";
			};
			name = Debug;
		};
		34DE56ED243C67C90045932B /* Release */ = {
			isa = XCBuildConfiguration;
			buildSettings = {
				ASSETCATALOG_COMPILER_APPICON_NAME = AppIcon;
				CODE_SIGN_STYLE = Automatic;
				INFOPLIST_FILE = iHealthNote/Info.plist;
				LD_RUNPATH_SEARCH_PATHS = (
					"$(inherited)",
					"@executable_path/Frameworks",
				);
				PRODUCT_BUNDLE_IDENTIFIER = idv.clalire.iHealthNote;
				PRODUCT_NAME = "$(TARGET_NAME)";
				SWIFT_VERSION = 5.0;
				TARGETED_DEVICE_FAMILY = "1,2";
			};
			name = Release;
		};
		34DE56EF243C67C90045932B /* Debug */ = {
			isa = XCBuildConfiguration;
			buildSettings = {
				ALWAYS_EMBED_SWIFT_STANDARD_LIBRARIES = YES;
				BUNDLE_LOADER = "$(TEST_HOST)";
				CODE_SIGN_STYLE = Automatic;
				INFOPLIST_FILE = iHealthNoteTests/Info.plist;
				IPHONEOS_DEPLOYMENT_TARGET = 13.2;
				LD_RUNPATH_SEARCH_PATHS = (
					"$(inherited)",
					"@executable_path/Frameworks",
					"@loader_path/Frameworks",
				);
				PRODUCT_BUNDLE_IDENTIFIER = idv.clalire.iHealthNoteTests;
				PRODUCT_NAME = "$(TARGET_NAME)";
				SWIFT_VERSION = 5.0;
				TARGETED_DEVICE_FAMILY = "1,2";
				TEST_HOST = "$(BUILT_PRODUCTS_DIR)/iHealthNote.app/iHealthNote";
			};
			name = Debug;
		};
		34DE56F0243C67C90045932B /* Release */ = {
			isa = XCBuildConfiguration;
			buildSettings = {
				ALWAYS_EMBED_SWIFT_STANDARD_LIBRARIES = YES;
				BUNDLE_LOADER = "$(TEST_HOST)";
				CODE_SIGN_STYLE = Automatic;
				INFOPLIST_FILE = iHealthNoteTests/Info.plist;
				IPHONEOS_DEPLOYMENT_TARGET = 13.2;
				LD_RUNPATH_SEARCH_PATHS = (
					"$(inherited)",
					"@executable_path/Frameworks",
					"@loader_path/Frameworks",
				);
				PRODUCT_BUNDLE_IDENTIFIER = idv.clalire.iHealthNoteTests;
				PRODUCT_NAME = "$(TARGET_NAME)";
				SWIFT_VERSION = 5.0;
				TARGETED_DEVICE_FAMILY = "1,2";
				TEST_HOST = "$(BUILT_PRODUCTS_DIR)/iHealthNote.app/iHealthNote";
			};
			name = Release;
		};
		34DE56F2243C67C90045932B /* Debug */ = {
			isa = XCBuildConfiguration;
			buildSettings = {
				ALWAYS_EMBED_SWIFT_STANDARD_LIBRARIES = YES;
				CODE_SIGN_STYLE = Automatic;
				INFOPLIST_FILE = iHealthNoteUITests/Info.plist;
				LD_RUNPATH_SEARCH_PATHS = (
					"$(inherited)",
					"@executable_path/Frameworks",
					"@loader_path/Frameworks",
				);
				PRODUCT_BUNDLE_IDENTIFIER = idv.clalire.iHealthNoteUITests;
				PRODUCT_NAME = "$(TARGET_NAME)";
				SWIFT_VERSION = 5.0;
				TARGETED_DEVICE_FAMILY = "1,2";
				TEST_TARGET_NAME = iHealthNote;
			};
			name = Debug;
		};
		34DE56F3243C67C90045932B /* Release */ = {
			isa = XCBuildConfiguration;
			buildSettings = {
				ALWAYS_EMBED_SWIFT_STANDARD_LIBRARIES = YES;
				CODE_SIGN_STYLE = Automatic;
				INFOPLIST_FILE = iHealthNoteUITests/Info.plist;
				LD_RUNPATH_SEARCH_PATHS = (
					"$(inherited)",
					"@executable_path/Frameworks",
					"@loader_path/Frameworks",
				);
				PRODUCT_BUNDLE_IDENTIFIER = idv.clalire.iHealthNoteUITests;
				PRODUCT_NAME = "$(TARGET_NAME)";
				SWIFT_VERSION = 5.0;
				TARGETED_DEVICE_FAMILY = "1,2";
				TEST_TARGET_NAME = iHealthNote;
			};
			name = Release;
		};
/* End XCBuildConfiguration section */

/* Begin XCConfigurationList section */
		34DE56BC243C67C40045932B /* Build configuration list for PBXProject "iHealthNote" */ = {
			isa = XCConfigurationList;
			buildConfigurations = (
				34DE56E9243C67C90045932B /* Debug */,
				34DE56EA243C67C90045932B /* Release */,
			);
			defaultConfigurationIsVisible = 0;
			defaultConfigurationName = Release;
		};
		34DE56EB243C67C90045932B /* Build configuration list for PBXNativeTarget "iHealthNote" */ = {
			isa = XCConfigurationList;
			buildConfigurations = (
				34DE56EC243C67C90045932B /* Debug */,
				34DE56ED243C67C90045932B /* Release */,
			);
			defaultConfigurationIsVisible = 0;
			defaultConfigurationName = Release;
		};
		34DE56EE243C67C90045932B /* Build configuration list for PBXNativeTarget "iHealthNoteTests" */ = {
			isa = XCConfigurationList;
			buildConfigurations = (
				34DE56EF243C67C90045932B /* Debug */,
				34DE56F0243C67C90045932B /* Release */,
			);
			defaultConfigurationIsVisible = 0;
			defaultConfigurationName = Release;
		};
		34DE56F1243C67C90045932B /* Build configuration list for PBXNativeTarget "iHealthNoteUITests" */ = {
			isa = XCConfigurationList;
			buildConfigurations = (
				34DE56F2243C67C90045932B /* Debug */,
				34DE56F3243C67C90045932B /* Release */,
			);
			defaultConfigurationIsVisible = 0;
			defaultConfigurationName = Release;
		};
/* End XCConfigurationList section */
	};
	rootObject = 34DE56B9243C67C40045932B /* Project object */;
}
